
Microsoft Visual Studio Solution File, Format Version 12.00
# Visual Studio Version 16
VisualStudioVersion = 16.0.30413.136
MinimumVisualStudioVersion = 10.0.40219.1
Project("{9A19103F-16F7-4668-BE54-9A1E7A4F7556}") = "BigramParsingJtc", "BigramParsingJtc.csproj", "{AED2AD1F-5747-46E4-9022-F54FDDDBB3B9}"
	ProjectSection(ProjectDependencies) = postProject
		{C3458A17-0CE9-4689-ABFB-74E6FFED3A01} = {C3458A17-0CE9-4689-ABFB-74E6FFED3A01}
	EndProjectSection
EndProject
Project("{9A19103F-16F7-4668-BE54-9A1E7A4F7556}") = "ParsingService", "..\ParsingService\ParsingService.csproj", "{C3458A17-0CE9-4689-ABFB-74E6FFED3A01}"
EndProject
Project("{FAE04EC0-301F-11D3-BF4B-00C04F79EFBC}") = "BigramParseTest", "..\BigramParseTest\BigramParseTest.csproj", "{377272D3-1F14-4EB9-B268-4378A56C4F1D}"
	ProjectSection(ProjectDependencies) = postProject
		{C3458A17-0CE9-4689-ABFB-74E6FFED3A01} = {C3458A17-0CE9-4689-ABFB-74E6FFED3A01}
	EndProjectSection
EndProject
Project("{FAE04EC0-301F-11D3-BF4B-00C04F79EFBC}") = "BigramConsole", "..\BigramConsole\BigramConsole.csproj", "{FBC2F32D-440F-4330-9C33-04DCB238610F}"
EndProject
Global
	GlobalSection(SolutionConfigurationPlatforms) = preSolution
		Debug|Any CPU = Debug|Any CPU
		Release|Any CPU = Release|Any CPU
	EndGlobalSection
	GlobalSection(ProjectConfigurationPlatforms) = postSolution
		{AED2AD1F-5747-46E4-9022-F54FDDDBB3B9}.Debug|Any CPU.ActiveCfg = Debug|Any CPU
		{AED2AD1F-5747-46E4-9022-F54FDDDBB3B9}.Debug|Any CPU.Build.0 = Debug|Any CPU
		{AED2AD1F-5747-46E4-9022-F54FDDDBB3B9}.Release|Any CPU.ActiveCfg = Release|Any CPU
		{AED2AD1F-5747-46E4-9022-F54FDDDBB3B9}.Release|Any CPU.Build.0 = Release|Any CPU
		{C3458A17-0CE9-4689-ABFB-74E6FFED3A01}.Debug|Any CPU.ActiveCfg = Debug|Any CPU
		{C3458A17-0CE9-4689-ABFB-74E6FFED3A01}.Debug|Any CPU.Build.0 = Debug|Any CPU
		{C3458A17-0CE9-4689-ABFB-74E6FFED3A01}.Release|Any CPU.ActiveCfg = Release|Any CPU
		{C3458A17-0CE9-4689-ABFB-74E6FFED3A01}.Release|Any CPU.Build.0 = Release|Any CPU
		{377272D3-1F14-4EB9-B268-4378A56C4F1D}.Debug|Any CPU.ActiveCfg = Debug|Any CPU
		{377272D3-1F14-4EB9-B268-4378A56C4F1D}.Debug|Any CPU.Build.0 = Debug|Any CPU
		{377272D3-1F14-4EB9-B268-4378A56C4F1D}.Release|Any CPU.ActiveCfg = Release|Any CPU
		{377272D3-1F14-4EB9-B268-4378A56C4F1D}.Release|Any CPU.Build.0 = Release|Any CPU
		{FBC2F32D-440F-4330-9C33-04DCB238610F}.Debug|Any CPU.ActiveCfg = Debug|Any CPU
		{FBC2F32D-440F-4330-9C33-04DCB238610F}.Debug|Any CPU.Build.0 = Debug|Any CPU
		{FBC2F32D-440F-4330-9C33-04DCB238610F}.Release|Any CPU.ActiveCfg = Release|Any CPU
		{FBC2F32D-440F-4330-9C33-04DCB238610F}.Release|Any CPU.Build.0 = Release|Any CPU
	EndGlobalSection
	GlobalSection(SolutionProperties) = preSolution
		HideSolutionNode = FALSE
	EndGlobalSection
	GlobalSection(ExtensibilityGlobals) = postSolution
		SolutionGuid = {4EE17B3A-EE1B-44B5-B30D-0BCF7EE3BF75}
	EndGlobalSection
EndGlobal
